
Microsoft Visual Studio Solution File, Format Version 12.00
# Visual Studio Version 16
VisualStudioVersion = 16.0.31911.196
MinimumVisualStudioVersion = 10.0.40219.1
Project("{FAE04EC0-301F-11D3-BF4B-00C04F79EFBC}") = "MQTT_Publisher", "MQTT_Publisher\MQTT_Publisher.csproj", "{B61AE348-B6CC-43B8-9BE9-38AA9822995B}"
EndProject
Project("{FAE04EC0-301F-11D3-BF4B-00C04F79EFBC}") = "MQTT_Subscriber", "MQTT_Subscriber\MQTT_Subscriber.csproj", "{805F2BF7-660D-4743-9FB2-65A3826499A8}"
EndProject
Global
	GlobalSection(SolutionConfigurationPlatforms) = preSolution
		Debug|Any CPU = Debug|Any CPU
		Release|Any CPU = Release|Any CPU
	EndGlobalSection
	GlobalSection(ProjectConfigurationPlatforms) = postSolution
		{B61AE348-B6CC-43B8-9BE9-38AA9822995B}.Debug|Any CPU.ActiveCfg = Debug|Any CPU
		{B61AE348-B6CC-43B8-9BE9-38AA9822995B}.Debug|Any CPU.Build.0 = Debug|Any CPU
		{B61AE348-B6CC-43B8-9BE9-38AA9822995B}.Release|Any CPU.ActiveCfg = Release|Any CPU
		{B61AE348-B6CC-43B8-9BE9-38AA9822995B}.Release|Any CPU.Build.0 = Release|Any CPU
		{805F2BF7-660D-4743-9FB2-65A3826499A8}.Debug|Any CPU.ActiveCfg = Debug|Any CPU
		{805F2BF7-660D-4743-9FB2-65A3826499A8}.Debug|Any CPU.Build.0 = Debug|Any CPU
		{805F2BF7-660D-4743-9FB2-65A3826499A8}.Release|Any CPU.ActiveCfg = Release|Any CPU
		{805F2BF7-660D-4743-9FB2-65A3826499A8}.Release|Any CPU.Build.0 = Release|Any CPU
	EndGlobalSection
	GlobalSection(SolutionProperties) = preSolution
		HideSolutionNode = FALSE
	EndGlobalSection
	GlobalSection(ExtensibilityGlobals) = postSolution
		SolutionGuid = {038E5278-F843-4465-97CB-AE8BA661983B}
	EndGlobalSection
EndGlobal
